{
  "version": "5",
  "specifiers": {
    "jsr:@supabase/supabase-js@2": "2.110.0"
  },
  "jsr": {
    "@supabase/supabase-js@2.110.0": {
      "integrity": "6eadc04222c1d17bb35ab8f2127662e8e3f4efafff6983ac2cc9498cce6c01e0"
    }
  },
  "workspace": {
    "packageJson": {
      "dependencies": [
        "npm:@expo-google-fonts/league-spartan@~0.4.2",
        "npm:@expo/ui@~57.0.13",
        "npm:@react-native-async-storage/async-storage@2.2.0",
        "npm:@supabase/supabase-js@^2.110.0",
        "npm:@types/react@~19.2.2",
        "npm:eslint-config-expo@~57.0.1",
        "npm:eslint@9",
        "npm:expo-apple-authentication@~57.0.1",
        "npm:expo-auth-session@~57.0.9",
        "npm:expo-build-properties@~57.0.14",
        "npm:expo-camera@~57.0.4",
        "npm:expo-constants@~57.0.2",
        "npm:expo-crypto@~57.0.2",
        "npm:expo-device@~57.0.1",
        "npm:expo-file-system@57.0",
        "npm:expo-font@57.0",
        "npm:expo-glass-effect@~57.0.1",
        "npm:expo-haptics@~57.0.1",
        "npm:expo-image-manipulator@~57.0.13",
        "npm:expo-image-picker@~57.0.13",
        "npm:expo-image@~57.0.3",
        "npm:expo-linking@~57.0.7",
        "npm:expo-notifications@~57.0.14",
        "npm:expo-router@~57.0.16",
        "npm:expo-splash-screen@~57.0.8",
        "npm:expo-status-bar@~57.0.1",
        "npm:expo-symbols@~57.0.2",
        "npm:expo-system-ui@~57.0.2",
        "npm:expo-web-browser@~57.0.2",
        "npm:expo@~57.0.16",
        "npm:patch-package@^8.0.1",
        "npm:react-dom@19.2.3",
        "npm:react-native-android-widget@~0.20.3",
        "npm:react-native-gesture-handler@2.32",
        "npm:react-native-health-connect@^3.5.3",
        "npm:react-native-keyboard-controller@1.21.9",
        "npm:react-native-purchases@^10.4.1",
        "npm:react-native-reanimated@4.5.1",
        "npm:react-native-safe-area-context@5.7",
        "npm:react-native-screens@4.26",
        "npm:react-native-svg@15.15.4",
        "npm:react-native-url-polyfill@3",
        "npm:react-native-web@0.21",
        "npm:react-native-worklets@0.10.1",
        "npm:react-native@0.86.2",
        "npm:react@19.2.3",
        "npm:sharp@~0.35.3",
        "npm:typescript@~6.0.3"
      ]
    }
  }
}
